// !$*UTF8*$!
{
	archiveVersion = 1;
	classes = {
	};
	objectVersion = 46;
	objects = {

/* Begin PBXBuildFile section */
		6FBDA7C31A24F911001B3230 /* main.m in Sources */ = {isa = PBXBuildFile; fileRef = 6FBDA7C21A24F911001B3230 /* main.m */; };
		6FBDA7C61A24F911001B3230 /* AppDelegate.m in Sources */ = {isa = PBXBuildFile; fileRef = 6FBDA7C51A24F911001B3230 /* AppDelegate.m */; };
		6FBDA7C91A24F911001B3230 /* ViewController.m in Sources */ = {isa = PBXBuildFile; fileRef = 6FBDA7C81A24F911001B3230 /* ViewController.m */; };
		6FBDA7CC1A24F911001B3230 /* Main.storyboard in Resources */ = {isa = PBXBuildFile; fileRef = 6FBDA7CA1A24F911001B3230 /* Main.storyboard */; };
		6FBDA7CE1A24F911001B3230 /* Images.xcassets in Resources */ = {isa = PBXBuildFile; fileRef = 6FBDA7CD1A24F911001B3230 /* Images.xcassets */; };
		6FBDA7D11A24F911001B3230 /* LaunchScreen.xib in Resources */ = {isa = PBXBuildFile; fileRef = 6FBDA7CF1A24F911001B3230 /* LaunchScreen.xib */; };
		6FBDA7DD1A24F911001B3230 /* FISDoSomethingTests.m in Sources */ = {isa = PBXBuildFile; fileRef = 6FBDA7DC1A24F911001B3230 /* FISDoSomethingTests.m */; };
		6FBDA7ED1A24FAF5001B3230 /* FISMultiCardView.m in Sources */ = {isa = PBXBuildFile; fileRef = 6FBDA7E71A24FAF5001B3230 /* FISMultiCardView.m */; };
		6FBDA7EE1A24FAF5001B3230 /* FISEventCard.m in Sources */ = {isa = PBXBuildFile; fileRef = 6FBDA7E91A24FAF5001B3230 /* FISEventCard.m */; };
		6FBDA7EF1A24FAF5001B3230 /* FISEventCard.xib in Resources */ = {isa = PBXBuildFile; fileRef = 6FBDA7EA1A24FAF5001B3230 /* FISEventCard.xib */; };
		6FBDA7F01A24FAF5001B3230 /* FISEventSwipeViewController.m in Sources */ = {isa = PBXBuildFile; fileRef = 6FBDA7EC1A24FAF5001B3230 /* FISEventSwipeViewController.m */; };
		6FBDA7F91A2503B7001B3230 /* FISEventDetailView.m in Sources */ = {isa = PBXBuildFile; fileRef = 6FBDA7F81A2503B7001B3230 /* FISEventDetailView.m */; };
		6FBDA7FB1A25041B001B3230 /* FISEventDetailView.xib in Resources */ = {isa = PBXBuildFile; fileRef = 6FBDA7FA1A25041B001B3230 /* FISEventDetailView.xib */; };
/* End PBXBuildFile section */

/* Begin PBXContainerItemProxy section */
		6FBDA7D71A24F911001B3230 /* PBXContainerItemProxy */ = {
			isa = PBXContainerItemProxy;
			containerPortal = 6FBDA7B51A24F911001B3230 /* Project object */;
			proxyType = 1;
			remoteGlobalIDString = 6FBDA7BC1A24F911001B3230;
			remoteInfo = FISDoSomething;
		};
/* End PBXContainerItemProxy section */

/* Begin PBXFileReference section */
		6FBDA7BD1A24F911001B3230 /* FISDoSomething.app */ = {isa = PBXFileReference; explicitFileType = wrapper.application; includeInIndex = 0; path = FISDoSomething.app; sourceTree = BUILT_PRODUCTS_DIR; };
		6FBDA7C11A24F911001B3230 /* Info.plist */ = {isa = PBXFileReference; lastKnownFileType = text.plist.xml; path = Info.plist; sourceTree = "<group>"; };
		6FBDA7C21A24F911001B3230 /* main.m */ = {isa = PBXFileReference; lastKnownFileType = sourcecode.c.objc; path = main.m; sourceTree = "<group>"; };
		6FBDA7C41A24F911001B3230 /* AppDelegate.h */ = {isa = PBXFileReference; lastKnownFileType = sourcecode.c.h; path = AppDelegate.h; sourceTree = "<group>"; };
		6FBDA7C51A24F911001B3230 /* AppDelegate.m */ = {isa = PBXFileReference; lastKnownFileType = sourcecode.c.objc; path = AppDelegate.m; sourceTree = "<group>"; };
		6FBDA7C71A24F911001B3230 /* ViewController.h */ = {isa = PBXFileReference; lastKnownFileType = sourcecode.c.h; path = ViewController.h; sourceTree = "<group>"; };
		6FBDA7C81A24F911001B3230 /* ViewController.m */ = {isa = PBXFileReference; lastKnownFileType = sourcecode.c.objc; path = ViewController.m; sourceTree = "<group>"; };
		6FBDA7CB1A24F911001B3230 /* Base */ = {isa = PBXFileReference; lastKnownFileType = file.storyboard; name = Base; path = Base.lproj/Main.storyboard; sourceTree = "<group>"; };
		6FBDA7CD1A24F911001B3230 /* Images.xcassets */ = {isa = PBXFileReference; lastKnownFileType = folder.assetcatalog; path = Images.xcassets; sourceTree = "<group>"; };
		6FBDA7D01A24F911001B3230 /* Base */ = {isa = PBXFileReference; lastKnownFileType = file.xib; name = Base; path = Base.lproj/LaunchScreen.xib; sourceTree = "<group>"; };
		6FBDA7D61A24F911001B3230 /* FISDoSomethingTests.xctest */ = {isa = PBXFileReference; explicitFileType = wrapper.cfbundle; includeInIndex = 0; path = FISDoSomethingTests.xctest; sourceTree = BUILT_PRODUCTS_DIR; };
		6FBDA7DB1A24F911001B3230 /* Info.plist */ = {isa = PBXFileReference; lastKnownFileType = text.plist.xml; path = Info.plist; sourceTree = "<group>"; };
		6FBDA7DC1A24F911001B3230 /* FISDoSomethingTests.m */ = {isa = PBXFileReference; lastKnownFileType = sourcecode.c.objc; path = FISDoSomethingTests.m; sourceTree = "<group>"; };
		6FBDA7E61A24FAF5001B3230 /* FISMultiCardView.h */ = {isa = PBXFileReference; fileEncoding = 4; lastKnownFileType = sourcecode.c.h; path = FISMultiCardView.h; sourceTree = "<group>"; };
		6FBDA7E71A24FAF5001B3230 /* FISMultiCardView.m */ = {isa = PBXFileReference; fileEncoding = 4; lastKnownFileType = sourcecode.c.objc; path = FISMultiCardView.m; sourceTree = "<group>"; };
		6FBDA7E81A24FAF5001B3230 /* FISEventCard.h */ = {isa = PBXFileReference; fileEncoding = 4; lastKnownFileType = sourcecode.c.h; path = FISEventCard.h; sourceTree = "<group>"; };
		6FBDA7E91A24FAF5001B3230 /* FISEventCard.m */ = {isa = PBXFileReference; fileEncoding = 4; lastKnownFileType = sourcecode.c.objc; path = FISEventCard.m; sourceTree = "<group>"; };
		6FBDA7EA1A24FAF5001B3230 /* FISEventCard.xib */ = {isa = PBXFileReference; fileEncoding = 4; lastKnownFileType = file.xib; path = FISEventCard.xib; sourceTree = "<group>"; };
		6FBDA7EB1A24FAF5001B3230 /* FISEventSwipeViewController.h */ = {isa = PBXFileReference; fileEncoding = 4; lastKnownFileType = sourcecode.c.h; path = FISEventSwipeViewController.h; sourceTree = "<group>"; };
		6FBDA7EC1A24FAF5001B3230 /* FISEventSwipeViewController.m */ = {isa = PBXFileReference; fileEncoding = 4; lastKnownFileType = sourcecode.c.objc; path = FISEventSwipeViewController.m; sourceTree = "<group>"; };
		6FBDA7F71A2503B7001B3230 /* FISEventDetailView.h */ = {isa = PBXFileReference; fileEncoding = 4; lastKnownFileType = sourcecode.c.h; path = FISEventDetailView.h; sourceTree = "<group>"; };
		6FBDA7F81A2503B7001B3230 /* FISEventDetailView.m */ = {isa = PBXFileReference; fileEncoding = 4; lastKnownFileType = sourcecode.c.objc; path = FISEventDetailView.m; sourceTree = "<group>"; };
		6FBDA7FA1A25041B001B3230 /* FISEventDetailView.xib */ = {isa = PBXFileReference; fileEncoding = 4; lastKnownFileType = file.xib; path = FISEventDetailView.xib; sourceTree = "<group>"; };
/* End PBXFileReference section */

/* Begin PBXFrameworksBuildPhase section */
		6FBDA7BA1A24F911001B3230 /* Frameworks */ = {
			isa = PBXFrameworksBuildPhase;
			buildActionMask = 2147483647;
			files = (
			);
			runOnlyForDeploymentPostprocessing = 0;
		};
		6FBDA7D31A24F911001B3230 /* Frameworks */ = {
			isa = PBXFrameworksBuildPhase;
			buildActionMask = 2147483647;
			files = (
			);
			runOnlyForDeploymentPostprocessing = 0;
		};
/* End PBXFrameworksBuildPhase section */

/* Begin PBXGroup section */
		6FBDA7B41A24F911001B3230 = {
			isa = PBXGroup;
			children = (
				6FBDA7BF1A24F911001B3230 /* FISDoSomething */,
				6FBDA7D91A24F911001B3230 /* FISDoSomethingTests */,
				6FBDA7BE1A24F911001B3230 /* Products */,
			);
			sourceTree = "<group>";
		};
		6FBDA7BE1A24F911001B3230 /* Products */ = {
			isa = PBXGroup;
			children = (
				6FBDA7BD1A24F911001B3230 /* FISDoSomething.app */,
				6FBDA7D61A24F911001B3230 /* FISDoSomethingTests.xctest */,
			);
			name = Products;
			sourceTree = "<group>";
		};
		6FBDA7BF1A24F911001B3230 /* FISDoSomething */ = {
			isa = PBXGroup;
			children = (
				6FBDA7C41A24F911001B3230 /* AppDelegate.h */,
				6FBDA7C51A24F911001B3230 /* AppDelegate.m */,
				6FBDA7F31A24FE4E001B3230 /* Views */,
				6FBDA7F21A24FE44001B3230 /* Models */,
				6FBDA7F11A24FE35001B3230 /* View Controllers */,
				6FBDA7CA1A24F911001B3230 /* Main.storyboard */,
				6FBDA7CD1A24F911001B3230 /* Images.xcassets */,
				6FBDA7CF1A24F911001B3230 /* LaunchScreen.xib */,
				6FBDA7C01A24F911001B3230 /* Supporting Files */,
			);
			path = FISDoSomething;
			sourceTree = "<group>";
		};
		6FBDA7C01A24F911001B3230 /* Supporting Files */ = {
			isa = PBXGroup;
			children = (
				6FBDA7C11A24F911001B3230 /* Info.plist */,
				6FBDA7C21A24F911001B3230 /* main.m */,
			);
			name = "Supporting Files";
			sourceTree = "<group>";
		};
		6FBDA7D91A24F911001B3230 /* FISDoSomethingTests */ = {
			isa = PBXGroup;
			children = (
				6FBDA7DC1A24F911001B3230 /* FISDoSomethingTests.m */,
				6FBDA7DA1A24F911001B3230 /* Supporting Files */,
			);
			path = FISDoSomethingTests;
			sourceTree = "<group>";
		};
		6FBDA7DA1A24F911001B3230 /* Supporting Files */ = {
			isa = PBXGroup;
			children = (
				6FBDA7DB1A24F911001B3230 /* Info.plist */,
			);
			name = "Supporting Files";
			sourceTree = "<group>";
		};
		6FBDA7F11A24FE35001B3230 /* View Controllers */ = {
			isa = PBXGroup;
			children = (
				6FBDA7C71A24F911001B3230 /* ViewController.h */,
				6FBDA7C81A24F911001B3230 /* ViewController.m */,
				6FBDA7EB1A24FAF5001B3230 /* FISEventSwipeViewController.h */,
				6FBDA7EC1A24FAF5001B3230 /* FISEventSwipeViewController.m */,
			);
			name = "View Controllers";
			sourceTree = "<group>";
		};
		6FBDA7F21A24FE44001B3230 /* Models */ = {
			isa = PBXGroup;
			children = (
			);
			name = Models;
			sourceTree = "<group>";
		};
		6FBDA7F31A24FE4E001B3230 /* Views */ = {
			isa = PBXGroup;
			children = (
				6FBDA7F71A2503B7001B3230 /* FISEventDetailView.h */,
				6FBDA7F81A2503B7001B3230 /* FISEventDetailView.m */,
				6FBDA7FA1A25041B001B3230 /* FISEventDetailView.xib */,
				6FBDA7E81A24FAF5001B3230 /* FISEventCard.h */,
				6FBDA7E91A24FAF5001B3230 /* FISEventCard.m */,
				6FBDA7EA1A24FAF5001B3230 /* FISEventCard.xib */,
				6FBDA7E61A24FAF5001B3230 /* FISMultiCardView.h */,
				6FBDA7E71A24FAF5001B3230 /* FISMultiCardView.m */,
			);
			name = Views;
			sourceTree = "<group>";
		};
/* End PBXGroup section */

/* Begin PBXNativeTarget section */
		6FBDA7BC1A24F911001B3230 /* FISDoSomething */ = {
			isa = PBXNativeTarget;
			buildConfigurationList = 6FBDA7E01A24F911001B3230 /* Build configuration list for PBXNativeTarget "FISDoSomething" */;
			buildPhases = (
				6FBDA7B91A24F911001B3230 /* Sources */,
				6FBDA7BA1A24F911001B3230 /* Frameworks */,
				6FBDA7BB1A24F911001B3230 /* Resources */,
			);
			buildRules = (
			);
			dependencies = (
			);
			name = FISDoSomething;
			productName = FISDoSomething;
			productReference = 6FBDA7BD1A24F911001B3230 /* FISDoSomething.app */;
			productType = "com.apple.product-type.application";
		};
		6FBDA7D51A24F911001B3230 /* FISDoSomethingTests */ = {
			isa = PBXNativeTarget;
			buildConfigurationList = 6FBDA7E31A24F911001B3230 /* Build configuration list for PBXNativeTarget "FISDoSomethingTests" */;
			buildPhases = (
				6FBDA7D21A24F911001B3230 /* Sources */,
				6FBDA7D31A24F911001B3230 /* Frameworks */,
				6FBDA7D41A24F911001B3230 /* Resources */,
			);
			buildRules = (
			);
			dependencies = (
				6FBDA7D81A24F911001B3230 /* PBXTargetDependency */,
			);
			name = FISDoSomethingTests;
			productName = FISDoSomethingTests;
			productReference = 6FBDA7D61A24F911001B3230 /* FISDoSomethingTests.xctest */;
			productType = "com.apple.product-type.bundle.unit-test";
		};
/* End PBXNativeTarget section */

/* Begin PBXProject section */
		6FBDA7B51A24F911001B3230 /* Project object */ = {
			isa = PBXProject;
			attributes = {
				LastUpgradeCheck = 0610;
				ORGANIZATIONNAME = "Flatiron iOS 003";
				TargetAttributes = {
					6FBDA7BC1A24F911001B3230 = {
						CreatedOnToolsVersion = 6.1;
					};
					6FBDA7D51A24F911001B3230 = {
						CreatedOnToolsVersion = 6.1;
						TestTargetID = 6FBDA7BC1A24F911001B3230;
					};
				};
			};
			buildConfigurationList = 6FBDA7B81A24F911001B3230 /* Build configuration list for PBXProject "FISDoSomething" */;
			compatibilityVersion = "Xcode 3.2";
			developmentRegion = English;
			hasScannedForEncodings = 0;
			knownRegions = (
				en,
				Base,
			);
			mainGroup = 6FBDA7B41A24F911001B3230;
			productRefGroup = 6FBDA7BE1A24F911001B3230 /* Products */;
			projectDirPath = "";
			projectRoot = "";
			targets = (
				6FBDA7BC1A24F911001B3230 /* FISDoSomething */,
				6FBDA7D51A24F911001B3230 /* FISDoSomethingTests */,
			);
		};
/* End PBXProject section */

/* Begin PBXResourcesBuildPhase section */
		6FBDA7BB1A24F911001B3230 /* Resources */ = {
			isa = PBXResourcesBuildPhase;
			buildActionMask = 2147483647;
			files = (
				6FBDA7CC1A24F911001B3230 /* Main.storyboard in Resources */,
				6FBDA7D11A24F911001B3230 /* LaunchScreen.xib in Resources */,
				6FBDA7CE1A24F911001B3230 /* Images.xcassets in Resources */,
				6FBDA7FB1A25041B001B3230 /* FISEventDetailView.xib in Resources */,
				6FBDA7EF1A24FAF5001B3230 /* FISEventCard.xib in Resources */,
			);
			runOnlyForDeploymentPostprocessing = 0;
		};
		6FBDA7D41A24F911001B3230 /* Resources */ = {
			isa = PBXResourcesBuildPhase;
			buildActionMask = 2147483647;
			files = (
			);
			runOnlyForDeploymentPostprocessing = 0;
		};
/* End PBXResourcesBuildPhase section */

/* Begin PBXSourcesBuildPhase section */
		6FBDA7B91A24F911001B3230 /* Sources */ = {
			isa = PBXSourcesBuildPhase;
			buildActionMask = 2147483647;
			files = (
				6FBDA7F91A2503B7001B3230 /* FISEventDetailView.m in Sources */,
				6FBDA7EE1A24FAF5001B3230 /* FISEventCard.m in Sources */,
				6FBDA7C91A24F911001B3230 /* ViewController.m in Sources */,
				6FBDA7C61A24F911001B3230 /* AppDelegate.m in Sources */,
				6FBDA7F01A24FAF5001B3230 /* FISEventSwipeViewController.m in Sources */,
				6FBDA7C31A24F911001B3230 /* main.m in Sources */,
				6FBDA7ED1A24FAF5001B3230 /* FISMultiCardView.m in Sources */,
			);
			runOnlyForDeploymentPostprocessing = 0;
		};
		6FBDA7D21A24F911001B3230 /* Sources */ = {
			isa = PBXSourcesBuildPhase;
			buildActionMask = 2147483647;
			files = (
				6FBDA7DD1A24F911001B3230 /* FISDoSomethingTests.m in Sources */,
			);
			runOnlyForDeploymentPostprocessing = 0;
		};
/* End PBXSourcesBuildPhase section */

/* Begin PBXTargetDependency section */
		6FBDA7D81A24F911001B3230 /* PBXTargetDependency */ = {
			isa = PBXTargetDependency;
			target = 6FBDA7BC1A24F911001B3230 /* FISDoSomething */;
			targetProxy = 6FBDA7D71A24F911001B3230 /* PBXContainerItemProxy */;
		};
/* End PBXTargetDependency section */

/* Begin PBXVariantGroup section */
		6FBDA7CA1A24F911001B3230 /* Main.storyboard */ = {
			isa = PBXVariantGroup;
			children = (
				6FBDA7CB1A24F911001B3230 /* Base */,
			);
			name = Main.storyboard;
			sourceTree = "<group>";
		};
		6FBDA7CF1A24F911001B3230 /* LaunchScreen.xib */ = {
			isa = PBXVariantGroup;
			children = (
				6FBDA7D01A24F911001B3230 /* Base */,
			);
			name = LaunchScreen.xib;
			sourceTree = "<group>";
		};
/* End PBXVariantGroup section */

/* Begin XCBuildConfiguration section */
		6FBDA7DE1A24F911001B3230 /* Debug */ = {
			isa = XCBuildConfiguration;
			buildSettings = {
				ALWAYS_SEARCH_USER_PATHS = NO;
				CLANG_CXX_LANGUAGE_STANDARD = "gnu++0x";
				CLANG_CXX_LIBRARY = "libc++";
				CLANG_ENABLE_MODULES = YES;
				CLANG_ENABLE_OBJC_ARC = YES;
				CLANG_WARN_BOOL_CONVERSION = YES;
				CLANG_WARN_CONSTANT_CONVERSION = YES;
				CLANG_WARN_DIRECT_OBJC_ISA_USAGE = YES_ERROR;
				CLANG_WARN_EMPTY_BODY = YES;
				CLANG_WARN_ENUM_CONVERSION = YES;
				CLANG_WARN_INT_CONVERSION = YES;
				CLANG_WARN_OBJC_ROOT_CLASS = YES_ERROR;
				CLANG_WARN_UNREACHABLE_CODE = YES;
				CLANG_WARN__DUPLICATE_METHOD_MATCH = YES;
				"CODE_SIGN_IDENTITY[sdk=iphoneos*]" = "iPhone Developer";
				COPY_PHASE_STRIP = NO;
				ENABLE_STRICT_OBJC_MSGSEND = YES;
				GCC_C_LANGUAGE_STANDARD = gnu99;
				GCC_DYNAMIC_NO_PIC = NO;
				GCC_OPTIMIZATION_LEVEL = 0;
				GCC_PREPROCESSOR_DEFINITIONS = (
					"DEBUG=1",
					"$(inherited)",
				);
				GCC_SYMBOLS_PRIVATE_EXTERN = NO;
				GCC_WARN_64_TO_32_BIT_CONVERSION = YES;
				GCC_WARN_ABOUT_RETURN_TYPE = YES_ERROR;
				GCC_WARN_UNDECLARED_SELECTOR = YES;
				GCC_WARN_UNINITIALIZED_AUTOS = YES_AGGRESSIVE;
				GCC_WARN_UNUSED_FUNCTION = YES;
				GCC_WARN_UNUSED_VARIABLE = YES;
				IPHONEOS_DEPLOYMENT_TARGET = 8.1;
				MTL_ENABLE_DEBUG_INFO = YES;
				ONLY_ACTIVE_ARCH = YES;
				SDKROOT = iphoneos;
			};
			name = Debug;
		};
		6FBDA7DF1A24F911001B3230 /* Release */ = {
			isa = XCBuildConfiguration;
			buildSettings = {
				ALWAYS_SEARCH_USER_PATHS = NO;
				CLANG_CXX_LANGUAGE_STANDARD = "gnu++0x";
				CLANG_CXX_LIBRARY = "libc++";
				CLANG_ENABLE_MODULES = YES;
				CLANG_ENABLE_OBJC_ARC = YES;
				CLANG_WARN_BOOL_CONVERSION = YES;
				CLANG_WARN_CONSTANT_CONVERSION = YES;
				CLANG_WARN_DIRECT_OBJC_ISA_USAGE = YES_ERROR;
				CLANG_WARN_EMPTY_BODY = YES;
				CLANG_WARN_ENUM_CONVERSION = YES;
				CLANG_WARN_INT_CONVERSION = YES;
				CLANG_WARN_OBJC_ROOT_CLASS = YES_ERROR;
				CLANG_WARN_UNREACHABLE_CODE = YES;
				CLANG_WARN__DUPLICATE_METHOD_MATCH = YES;
				"CODE_SIGN_IDENTITY[sdk=iphoneos*]" = "iPhone Developer";
				COPY_PHASE_STRIP = YES;
				ENABLE_NS_ASSERTIONS = NO;
				ENABLE_STRICT_OBJC_MSGSEND = YES;
				GCC_C_LANGUAGE_STANDARD = gnu99;
				GCC_WARN_64_TO_32_BIT_CONVERSION = YES;
				GCC_WARN_ABOUT_RETURN_TYPE = YES_ERROR;
				GCC_WARN_UNDECLARED_SELECTOR = YES;
				GCC_WARN_UNINITIALIZED_AUTOS = YES_AGGRESSIVE;
				GCC_WARN_UNUSED_FUNCTION = YES;
				GCC_WARN_UNUSED_VARIABLE = YES;
				IPHONEOS_DEPLOYMENT_TARGET = 8.1;
				MTL_ENABLE_DEBUG_INFO = NO;
				SDKROOT = iphoneos;
				VALIDATE_PRODUCT = YES;
			};
			name = Release;
		};
		6FBDA7E11A24F911001B3230 /* Debug */ = {
			isa = XCBuildConfiguration;
			buildSettings = {
				ASSETCATALOG_COMPILER_APPICON_NAME = AppIcon;
				INFOPLIST_FILE = FISDoSomething/Info.plist;
				LD_RUNPATH_SEARCH_PATHS = "$(inherited) @executable_path/Frameworks";
				PRODUCT_NAME = "$(TARGET_NAME)";
			};
			name = Debug;
		};
		6FBDA7E21A24F911001B3230 /* Release */ = {
			isa = XCBuildConfiguration;
			buildSettings = {
				ASSETCATALOG_COMPILER_APPICON_NAME = AppIcon;
				INFOPLIST_FILE = FISDoSomething/Info.plist;
				LD_RUNPATH_SEARCH_PATHS = "$(inherited) @executable_path/Frameworks";
				PRODUCT_NAME = "$(TARGET_NAME)";
			};
			name = Release;
		};
		6FBDA7E41A24F911001B3230 /* Debug */ = {
			isa = XCBuildConfiguration;
			buildSettings = {
				BUNDLE_LOADER = "$(TEST_HOST)";
				FRAMEWORK_SEARCH_PATHS = (
					"$(SDKROOT)/Developer/Library/Frameworks",
					"$(inherited)",
				);
				GCC_PREPROCESSOR_DEFINITIONS = (
					"DEBUG=1",
					"$(inherited)",
				);
				INFOPLIST_FILE = FISDoSomethingTests/Info.plist;
				LD_RUNPATH_SEARCH_PATHS = "$(inherited) @executable_path/Frameworks @loader_path/Frameworks";
				PRODUCT_NAME = "$(TARGET_NAME)";
				TEST_HOST = "$(BUILT_PRODUCTS_DIR)/FISDoSomething.app/FISDoSomething";
			};
			name = Debug;
		};
		6FBDA7E51A24F911001B3230 /* Release */ = {
			isa = XCBuildConfiguration;
			buildSettings = {
				BUNDLE_LOADER = "$(TEST_HOST)";
				FRAMEWORK_SEARCH_PATHS = (
					"$(SDKROOT)/Developer/Library/Frameworks",
					"$(inherited)",
				);
				INFOPLIST_FILE = FISDoSomethingTests/Info.plist;
				LD_RUNPATH_SEARCH_PATHS = "$(inherited) @executable_path/Frameworks @loader_path/Frameworks";
				PRODUCT_NAME = "$(TARGET_NAME)";
				TEST_HOST = "$(BUILT_PRODUCTS_DIR)/FISDoSomething.app/FISDoSomething";
			};
			name = Release;
		};
/* End XCBuildConfiguration section */

/* Begin XCConfigurationList section */
		6FBDA7B81A24F911001B3230 /* Build configuration list for PBXProject "FISDoSomething" */ = {
			isa = XCConfigurationList;
			buildConfigurations = (
				6FBDA7DE1A24F911001B3230 /* Debug */,
				6FBDA7DF1A24F911001B3230 /* Release */,
			);
			defaultConfigurationIsVisible = 0;
			defaultConfigurationName = Release;
		};
		6FBDA7E01A24F911001B3230 /* Build configuration list for PBXNativeTarget "FISDoSomething" */ = {
			isa = XCConfigurationList;
			buildConfigurations = (
				6FBDA7E11A24F911001B3230 /* Debug */,
				6FBDA7E21A24F911001B3230 /* Release */,
			);
			defaultConfigurationIsVisible = 0;
			defaultConfigurationName = Release;
		};
		6FBDA7E31A24F911001B3230 /* Build configuration list for PBXNativeTarget "FISDoSomethingTests" */ = {
			isa = XCConfigurationList;
			buildConfigurations = (
				6FBDA7E41A24F911001B3230 /* Debug */,
				6FBDA7E51A24F911001B3230 /* Release */,
			);
			defaultConfigurationIsVisible = 0;
			defaultConfigurationName = Release;
		};
/* End XCConfigurationList section */
	};
	rootObject = 6FBDA7B51A24F911001B3230 /* Project object */;
}
<?xml version="1.0" encoding="UTF-8"?>
<!DOCTYPE plist PUBLIC "-//Apple//DTD PLIST 1.0//EN" "http://www.apple.com/DTDs/PropertyList-1.0.dtd">
<plist version="1.0">
<dict>
	<key>archiveVersion</key>
	<string>1</string>
	<key>classes</key>
	<dict/>
	<key>objectVersion</key>
	<string>46</string>
	<key>objects</key>
	<dict>
		<key>183DD3D820A82A5E6C0D8D93</key>
		<dict>
			<key>children</key>
			<array>
				<string>609E12A975D3232F909AAA95</string>
			</array>
			<key>isa</key>
			<string>PBXGroup</string>
			<key>name</key>
			<string>Frameworks</string>
			<key>sourceTree</key>
			<string>&lt;group&gt;</string>
		</dict>
		<key>451B30E5D570FA46A6B26D00</key>
		<dict>
			<key>includeInIndex</key>
			<string>1</string>
			<key>isa</key>
			<string>PBXFileReference</string>
			<key>lastKnownFileType</key>
			<string>text.xcconfig</string>
			<key>name</key>
			<string>Pods-FISDoSomething.debug.xcconfig</string>
			<key>path</key>
			<string>Pods/Target Support Files/Pods-FISDoSomething/Pods-FISDoSomething.debug.xcconfig</string>
			<key>sourceTree</key>
			<string>&lt;group&gt;</string>
		</dict>
		<key>609E12A975D3232F909AAA95</key>
		<dict>
			<key>explicitFileType</key>
			<string>archive.ar</string>
			<key>includeInIndex</key>
			<string>0</string>
			<key>isa</key>
			<string>PBXFileReference</string>
			<key>path</key>
			<string>libPods-FISDoSomething.a</string>
			<key>sourceTree</key>
			<string>BUILT_PRODUCTS_DIR</string>
		</dict>
		<key>6FBDA7B41A24F911001B3230</key>
		<dict>
			<key>children</key>
			<array>
				<string>D457A5091A24FE9F000BA89D</string>
				<string>D457A5051A24FE6E000BA89D</string>
				<string>6FBDA7BF1A24F911001B3230</string>
				<string>6FBDA7D91A24F911001B3230</string>
				<string>6FBDA7BE1A24F911001B3230</string>
				<string>9F22F3A0CBE492B5FE6DF466</string>
				<string>183DD3D820A82A5E6C0D8D93</string>
			</array>
			<key>isa</key>
			<string>PBXGroup</string>
			<key>sourceTree</key>
			<string>&lt;group&gt;</string>
		</dict>
		<key>6FBDA7B51A24F911001B3230</key>
		<dict>
			<key>attributes</key>
			<dict>
				<key>LastUpgradeCheck</key>
				<string>0610</string>
				<key>ORGANIZATIONNAME</key>
				<string>Flatiron iOS 003</string>
				<key>TargetAttributes</key>
				<dict>
					<key>6FBDA7BC1A24F911001B3230</key>
					<dict>
						<key>CreatedOnToolsVersion</key>
						<string>6.1</string>
					</dict>
					<key>6FBDA7D51A24F911001B3230</key>
					<dict>
						<key>CreatedOnToolsVersion</key>
						<string>6.1</string>
						<key>TestTargetID</key>
						<string>6FBDA7BC1A24F911001B3230</string>
					</dict>
				</dict>
			</dict>
			<key>buildConfigurationList</key>
			<string>6FBDA7B81A24F911001B3230</string>
			<key>compatibilityVersion</key>
			<string>Xcode 3.2</string>
			<key>developmentRegion</key>
			<string>English</string>
			<key>hasScannedForEncodings</key>
			<string>0</string>
			<key>isa</key>
			<string>PBXProject</string>
			<key>knownRegions</key>
			<array>
				<string>en</string>
				<string>Base</string>
			</array>
			<key>mainGroup</key>
			<string>6FBDA7B41A24F911001B3230</string>
			<key>productRefGroup</key>
			<string>6FBDA7BE1A24F911001B3230</string>
			<key>projectDirPath</key>
			<string></string>
			<key>projectReferences</key>
			<array/>
			<key>projectRoot</key>
			<string></string>
			<key>targets</key>
			<array>
				<string>6FBDA7BC1A24F911001B3230</string>
				<string>6FBDA7D51A24F911001B3230</string>
			</array>
		</dict>
		<key>6FBDA7B81A24F911001B3230</key>
		<dict>
			<key>buildConfigurations</key>
			<array>
				<string>6FBDA7DE1A24F911001B3230</string>
				<string>6FBDA7DF1A24F911001B3230</string>
			</array>
			<key>defaultConfigurationIsVisible</key>
			<string>0</string>
			<key>defaultConfigurationName</key>
			<string>Release</string>
			<key>isa</key>
			<string>XCConfigurationList</string>
		</dict>
		<key>6FBDA7B91A24F911001B3230</key>
		<dict>
			<key>buildActionMask</key>
			<string>2147483647</string>
			<key>files</key>
			<array>
				<string>6FBDA7C91A24F911001B3230</string>
				<string>D457A50F1A250478000BA89D</string>
				<string>6FBDA7C61A24F911001B3230</string>
				<string>6FBDA7C31A24F911001B3230</string>
				<string>D457A5081A24FE93000BA89D</string>
			</array>
			<key>isa</key>
			<string>PBXSourcesBuildPhase</string>
			<key>runOnlyForDeploymentPostprocessing</key>
			<string>0</string>
		</dict>
		<key>6FBDA7BA1A24F911001B3230</key>
		<dict>
			<key>buildActionMask</key>
			<string>2147483647</string>
			<key>files</key>
			<array>
				<string>92128AE00E898E4863D42EF4</string>
			</array>
			<key>isa</key>
			<string>PBXFrameworksBuildPhase</string>
			<key>runOnlyForDeploymentPostprocessing</key>
			<string>0</string>
		</dict>
		<key>6FBDA7BB1A24F911001B3230</key>
		<dict>
			<key>buildActionMask</key>
			<string>2147483647</string>
			<key>files</key>
			<array>
				<string>6FBDA7CC1A24F911001B3230</string>
				<string>6FBDA7D11A24F911001B3230</string>
				<string>6FBDA7CE1A24F911001B3230</string>
			</array>
			<key>isa</key>
			<string>PBXResourcesBuildPhase</string>
			<key>runOnlyForDeploymentPostprocessing</key>
			<string>0</string>
		</dict>
		<key>6FBDA7BC1A24F911001B3230</key>
		<dict>
			<key>buildConfigurationList</key>
			<string>6FBDA7E01A24F911001B3230</string>
			<key>buildPhases</key>
			<array>
				<string>9CE5815A74BFE08006F1B1B1</string>
				<string>6FBDA7B91A24F911001B3230</string>
				<string>6FBDA7BA1A24F911001B3230</string>
				<string>6FBDA7BB1A24F911001B3230</string>
				<string>95B864F5E8A26AC934599A45</string>
			</array>
			<key>buildRules</key>
			<array/>
			<key>dependencies</key>
			<array/>
			<key>isa</key>
			<string>PBXNativeTarget</string>
			<key>name</key>
			<string>FISDoSomething</string>
			<key>productName</key>
			<string>FISDoSomething</string>
			<key>productReference</key>
			<string>6FBDA7BD1A24F911001B3230</string>
			<key>productType</key>
			<string>com.apple.product-type.application</string>
		</dict>
		<key>6FBDA7BD1A24F911001B3230</key>
		<dict>
			<key>explicitFileType</key>
			<string>wrapper.application</string>
			<key>includeInIndex</key>
			<string>0</string>
			<key>isa</key>
			<string>PBXFileReference</string>
			<key>path</key>
			<string>FISDoSomething.app</string>
			<key>sourceTree</key>
			<string>BUILT_PRODUCTS_DIR</string>
		</dict>
		<key>6FBDA7BE1A24F911001B3230</key>
		<dict>
			<key>children</key>
			<array>
				<string>6FBDA7BD1A24F911001B3230</string>
				<string>6FBDA7D61A24F911001B3230</string>
			</array>
			<key>isa</key>
			<string>PBXGroup</string>
			<key>name</key>
			<string>Products</string>
			<key>sourceTree</key>
			<string>&lt;group&gt;</string>
		</dict>
		<key>6FBDA7BF1A24F911001B3230</key>
		<dict>
			<key>children</key>
			<array>
				<string>6FBDA7C41A24F911001B3230</string>
				<string>6FBDA7C51A24F911001B3230</string>
				<string>6FBDA7C71A24F911001B3230</string>
				<string>6FBDA7C81A24F911001B3230</string>
				<string>6FBDA7CA1A24F911001B3230</string>
				<string>6FBDA7CD1A24F911001B3230</string>
				<string>6FBDA7CF1A24F911001B3230</string>
				<string>6FBDA7C01A24F911001B3230</string>
			</array>
			<key>isa</key>
			<string>PBXGroup</string>
			<key>path</key>
			<string>FISDoSomething</string>
			<key>sourceTree</key>
			<string>&lt;group&gt;</string>
		</dict>
		<key>6FBDA7C01A24F911001B3230</key>
		<dict>
			<key>children</key>
			<array>
				<string>6FBDA7C11A24F911001B3230</string>
				<string>6FBDA7C21A24F911001B3230</string>
			</array>
			<key>isa</key>
			<string>PBXGroup</string>
			<key>name</key>
			<string>Supporting Files</string>
			<key>sourceTree</key>
			<string>&lt;group&gt;</string>
		</dict>
		<key>6FBDA7C11A24F911001B3230</key>
		<dict>
			<key>isa</key>
			<string>PBXFileReference</string>
			<key>lastKnownFileType</key>
			<string>text.plist.xml</string>
			<key>path</key>
			<string>Info.plist</string>
			<key>sourceTree</key>
			<string>&lt;group&gt;</string>
		</dict>
		<key>6FBDA7C21A24F911001B3230</key>
		<dict>
			<key>isa</key>
			<string>PBXFileReference</string>
			<key>lastKnownFileType</key>
			<string>sourcecode.c.objc</string>
			<key>path</key>
			<string>main.m</string>
			<key>sourceTree</key>
			<string>&lt;group&gt;</string>
		</dict>
		<key>6FBDA7C31A24F911001B3230</key>
		<dict>
			<key>fileRef</key>
			<string>6FBDA7C21A24F911001B3230</string>
			<key>isa</key>
			<string>PBXBuildFile</string>
		</dict>
		<key>6FBDA7C41A24F911001B3230</key>
		<dict>
			<key>isa</key>
			<string>PBXFileReference</string>
			<key>lastKnownFileType</key>
			<string>sourcecode.c.h</string>
			<key>path</key>
			<string>AppDelegate.h</string>
			<key>sourceTree</key>
			<string>&lt;group&gt;</string>
		</dict>
		<key>6FBDA7C51A24F911001B3230</key>
		<dict>
			<key>isa</key>
			<string>PBXFileReference</string>
			<key>lastKnownFileType</key>
			<string>sourcecode.c.objc</string>
			<key>path</key>
			<string>AppDelegate.m</string>
			<key>sourceTree</key>
			<string>&lt;group&gt;</string>
		</dict>
		<key>6FBDA7C61A24F911001B3230</key>
		<dict>
			<key>fileRef</key>
			<string>6FBDA7C51A24F911001B3230</string>
			<key>isa</key>
			<string>PBXBuildFile</string>
		</dict>
		<key>6FBDA7C71A24F911001B3230</key>
		<dict>
			<key>isa</key>
			<string>PBXFileReference</string>
			<key>lastKnownFileType</key>
			<string>sourcecode.c.h</string>
			<key>path</key>
			<string>ViewController.h</string>
			<key>sourceTree</key>
			<string>&lt;group&gt;</string>
		</dict>
		<key>6FBDA7C81A24F911001B3230</key>
		<dict>
			<key>isa</key>
			<string>PBXFileReference</string>
			<key>lastKnownFileType</key>
			<string>sourcecode.c.objc</string>
			<key>path</key>
			<string>ViewController.m</string>
			<key>sourceTree</key>
			<string>&lt;group&gt;</string>
		</dict>
		<key>6FBDA7C91A24F911001B3230</key>
		<dict>
			<key>fileRef</key>
			<string>6FBDA7C81A24F911001B3230</string>
			<key>isa</key>
			<string>PBXBuildFile</string>
		</dict>
		<key>6FBDA7CA1A24F911001B3230</key>
		<dict>
			<key>children</key>
			<array>
				<string>6FBDA7CB1A24F911001B3230</string>
			</array>
			<key>isa</key>
			<string>PBXVariantGroup</string>
			<key>name</key>
			<string>Main.storyboard</string>
			<key>sourceTree</key>
			<string>&lt;group&gt;</string>
		</dict>
		<key>6FBDA7CB1A24F911001B3230</key>
		<dict>
			<key>isa</key>
			<string>PBXFileReference</string>
			<key>lastKnownFileType</key>
			<string>file.storyboard</string>
			<key>name</key>
			<string>Base</string>
			<key>path</key>
			<string>Base.lproj/Main.storyboard</string>
			<key>sourceTree</key>
			<string>&lt;group&gt;</string>
		</dict>
		<key>6FBDA7CC1A24F911001B3230</key>
		<dict>
			<key>fileRef</key>
			<string>6FBDA7CA1A24F911001B3230</string>
			<key>isa</key>
			<string>PBXBuildFile</string>
		</dict>
		<key>6FBDA7CD1A24F911001B3230</key>
		<dict>
			<key>isa</key>
			<string>PBXFileReference</string>
			<key>lastKnownFileType</key>
			<string>folder.assetcatalog</string>
			<key>path</key>
			<string>Images.xcassets</string>
			<key>sourceTree</key>
			<string>&lt;group&gt;</string>
		</dict>
		<key>6FBDA7CE1A24F911001B3230</key>
		<dict>
			<key>fileRef</key>
			<string>6FBDA7CD1A24F911001B3230</string>
			<key>isa</key>
			<string>PBXBuildFile</string>
		</dict>
		<key>6FBDA7CF1A24F911001B3230</key>
		<dict>
			<key>children</key>
			<array>
				<string>6FBDA7D01A24F911001B3230</string>
			</array>
			<key>isa</key>
			<string>PBXVariantGroup</string>
			<key>name</key>
			<string>LaunchScreen.xib</string>
			<key>sourceTree</key>
			<string>&lt;group&gt;</string>
		</dict>
		<key>6FBDA7D01A24F911001B3230</key>
		<dict>
			<key>isa</key>
			<string>PBXFileReference</string>
			<key>lastKnownFileType</key>
			<string>file.xib</string>
			<key>name</key>
			<string>Base</string>
			<key>path</key>
			<string>Base.lproj/LaunchScreen.xib</string>
			<key>sourceTree</key>
			<string>&lt;group&gt;</string>
		</dict>
		<key>6FBDA7D11A24F911001B3230</key>
		<dict>
			<key>fileRef</key>
			<string>6FBDA7CF1A24F911001B3230</string>
			<key>isa</key>
			<string>PBXBuildFile</string>
		</dict>
		<key>6FBDA7D21A24F911001B3230</key>
		<dict>
			<key>buildActionMask</key>
			<string>2147483647</string>
			<key>files</key>
			<array>
				<string>6FBDA7DD1A24F911001B3230</string>
			</array>
			<key>isa</key>
			<string>PBXSourcesBuildPhase</string>
			<key>runOnlyForDeploymentPostprocessing</key>
			<string>0</string>
		</dict>
		<key>6FBDA7D31A24F911001B3230</key>
		<dict>
			<key>buildActionMask</key>
			<string>2147483647</string>
			<key>files</key>
			<array/>
			<key>isa</key>
			<string>PBXFrameworksBuildPhase</string>
			<key>runOnlyForDeploymentPostprocessing</key>
			<string>0</string>
		</dict>
		<key>6FBDA7D41A24F911001B3230</key>
		<dict>
			<key>buildActionMask</key>
			<string>2147483647</string>
			<key>files</key>
			<array/>
			<key>isa</key>
			<string>PBXResourcesBuildPhase</string>
			<key>runOnlyForDeploymentPostprocessing</key>
			<string>0</string>
		</dict>
		<key>6FBDA7D51A24F911001B3230</key>
		<dict>
			<key>buildConfigurationList</key>
			<string>6FBDA7E31A24F911001B3230</string>
			<key>buildPhases</key>
			<array>
				<string>6FBDA7D21A24F911001B3230</string>
				<string>6FBDA7D31A24F911001B3230</string>
				<string>6FBDA7D41A24F911001B3230</string>
			</array>
			<key>buildRules</key>
			<array/>
			<key>dependencies</key>
			<array>
				<string>6FBDA7D81A24F911001B3230</string>
			</array>
			<key>isa</key>
			<string>PBXNativeTarget</string>
			<key>name</key>
			<string>FISDoSomethingTests</string>
			<key>productName</key>
			<string>FISDoSomethingTests</string>
			<key>productReference</key>
			<string>6FBDA7D61A24F911001B3230</string>
			<key>productType</key>
			<string>com.apple.product-type.bundle.unit-test</string>
		</dict>
		<key>6FBDA7D61A24F911001B3230</key>
		<dict>
			<key>explicitFileType</key>
			<string>wrapper.cfbundle</string>
			<key>includeInIndex</key>
			<string>0</string>
			<key>isa</key>
			<string>PBXFileReference</string>
			<key>path</key>
			<string>FISDoSomethingTests.xctest</string>
			<key>sourceTree</key>
			<string>BUILT_PRODUCTS_DIR</string>
		</dict>
		<key>6FBDA7D71A24F911001B3230</key>
		<dict>
			<key>containerPortal</key>
			<string>6FBDA7B51A24F911001B3230</string>
			<key>isa</key>
			<string>PBXContainerItemProxy</string>
			<key>proxyType</key>
			<string>1</string>
			<key>remoteGlobalIDString</key>
			<string>6FBDA7BC1A24F911001B3230</string>
			<key>remoteInfo</key>
			<string>FISDoSomething</string>
		</dict>
		<key>6FBDA7D81A24F911001B3230</key>
		<dict>
			<key>isa</key>
			<string>PBXTargetDependency</string>
			<key>target</key>
			<string>6FBDA7BC1A24F911001B3230</string>
			<key>targetProxy</key>
			<string>6FBDA7D71A24F911001B3230</string>
		</dict>
		<key>6FBDA7D91A24F911001B3230</key>
		<dict>
			<key>children</key>
			<array>
				<string>6FBDA7DC1A24F911001B3230</string>
				<string>6FBDA7DA1A24F911001B3230</string>
			</array>
			<key>isa</key>
			<string>PBXGroup</string>
			<key>path</key>
			<string>FISDoSomethingTests</string>
			<key>sourceTree</key>
			<string>&lt;group&gt;</string>
		</dict>
		<key>6FBDA7DA1A24F911001B3230</key>
		<dict>
			<key>children</key>
			<array>
				<string>6FBDA7DB1A24F911001B3230</string>
			</array>
			<key>isa</key>
			<string>PBXGroup</string>
			<key>name</key>
			<string>Supporting Files</string>
			<key>sourceTree</key>
			<string>&lt;group&gt;</string>
		</dict>
		<key>6FBDA7DB1A24F911001B3230</key>
		<dict>
			<key>isa</key>
			<string>PBXFileReference</string>
			<key>lastKnownFileType</key>
			<string>text.plist.xml</string>
			<key>path</key>
			<string>Info.plist</string>
			<key>sourceTree</key>
			<string>&lt;group&gt;</string>
		</dict>
		<key>6FBDA7DC1A24F911001B3230</key>
		<dict>
			<key>isa</key>
			<string>PBXFileReference</string>
			<key>lastKnownFileType</key>
			<string>sourcecode.c.objc</string>
			<key>path</key>
			<string>FISDoSomethingTests.m</string>
			<key>sourceTree</key>
			<string>&lt;group&gt;</string>
		</dict>
		<key>6FBDA7DD1A24F911001B3230</key>
		<dict>
			<key>fileRef</key>
			<string>6FBDA7DC1A24F911001B3230</string>
			<key>isa</key>
			<string>PBXBuildFile</string>
		</dict>
		<key>6FBDA7DE1A24F911001B3230</key>
		<dict>
			<key>buildSettings</key>
			<dict>
				<key>ALWAYS_SEARCH_USER_PATHS</key>
				<string>NO</string>
				<key>CLANG_CXX_LANGUAGE_STANDARD</key>
				<string>gnu++0x</string>
				<key>CLANG_CXX_LIBRARY</key>
				<string>libc++</string>
				<key>CLANG_ENABLE_MODULES</key>
				<string>YES</string>
				<key>CLANG_ENABLE_OBJC_ARC</key>
				<string>YES</string>
				<key>CLANG_WARN_BOOL_CONVERSION</key>
				<string>YES</string>
				<key>CLANG_WARN_CONSTANT_CONVERSION</key>
				<string>YES</string>
				<key>CLANG_WARN_DIRECT_OBJC_ISA_USAGE</key>
				<string>YES_ERROR</string>
				<key>CLANG_WARN_EMPTY_BODY</key>
				<string>YES</string>
				<key>CLANG_WARN_ENUM_CONVERSION</key>
				<string>YES</string>
				<key>CLANG_WARN_INT_CONVERSION</key>
				<string>YES</string>
				<key>CLANG_WARN_OBJC_ROOT_CLASS</key>
				<string>YES_ERROR</string>
				<key>CLANG_WARN_UNREACHABLE_CODE</key>
				<string>YES</string>
				<key>CLANG_WARN__DUPLICATE_METHOD_MATCH</key>
				<string>YES</string>
				<key>CODE_SIGN_IDENTITY[sdk=iphoneos*]</key>
				<string>iPhone Developer</string>
				<key>COPY_PHASE_STRIP</key>
				<string>NO</string>
				<key>ENABLE_STRICT_OBJC_MSGSEND</key>
				<string>YES</string>
				<key>GCC_C_LANGUAGE_STANDARD</key>
				<string>gnu99</string>
				<key>GCC_DYNAMIC_NO_PIC</key>
				<string>NO</string>
				<key>GCC_OPTIMIZATION_LEVEL</key>
				<string>0</string>
				<key>GCC_PREPROCESSOR_DEFINITIONS</key>
				<array>
					<string>DEBUG=1</string>
					<string>$(inherited)</string>
				</array>
				<key>GCC_SYMBOLS_PRIVATE_EXTERN</key>
				<string>NO</string>
				<key>GCC_WARN_64_TO_32_BIT_CONVERSION</key>
				<string>YES</string>
				<key>GCC_WARN_ABOUT_RETURN_TYPE</key>
				<string>YES_ERROR</string>
				<key>GCC_WARN_UNDECLARED_SELECTOR</key>
				<string>YES</string>
				<key>GCC_WARN_UNINITIALIZED_AUTOS</key>
				<string>YES_AGGRESSIVE</string>
				<key>GCC_WARN_UNUSED_FUNCTION</key>
				<string>YES</string>
				<key>GCC_WARN_UNUSED_VARIABLE</key>
				<string>YES</string>
				<key>IPHONEOS_DEPLOYMENT_TARGET</key>
				<string>8.1</string>
				<key>MTL_ENABLE_DEBUG_INFO</key>
				<string>YES</string>
				<key>ONLY_ACTIVE_ARCH</key>
				<string>YES</string>
				<key>SDKROOT</key>
				<string>iphoneos</string>
			</dict>
			<key>isa</key>
			<string>XCBuildConfiguration</string>
			<key>name</key>
			<string>Debug</string>
		</dict>
		<key>6FBDA7DF1A24F911001B3230</key>
		<dict>
			<key>buildSettings</key>
			<dict>
				<key>ALWAYS_SEARCH_USER_PATHS</key>
				<string>NO</string>
				<key>CLANG_CXX_LANGUAGE_STANDARD</key>
				<string>gnu++0x</string>
				<key>CLANG_CXX_LIBRARY</key>
				<string>libc++</string>
				<key>CLANG_ENABLE_MODULES</key>
				<string>YES</string>
				<key>CLANG_ENABLE_OBJC_ARC</key>
				<string>YES</string>
				<key>CLANG_WARN_BOOL_CONVERSION</key>
				<string>YES</string>
				<key>CLANG_WARN_CONSTANT_CONVERSION</key>
				<string>YES</string>
				<key>CLANG_WARN_DIRECT_OBJC_ISA_USAGE</key>
				<string>YES_ERROR</string>
				<key>CLANG_WARN_EMPTY_BODY</key>
				<string>YES</string>
				<key>CLANG_WARN_ENUM_CONVERSION</key>
				<string>YES</string>
				<key>CLANG_WARN_INT_CONVERSION</key>
				<string>YES</string>
				<key>CLANG_WARN_OBJC_ROOT_CLASS</key>
				<string>YES_ERROR</string>
				<key>CLANG_WARN_UNREACHABLE_CODE</key>
				<string>YES</string>
				<key>CLANG_WARN__DUPLICATE_METHOD_MATCH</key>
				<string>YES</string>
				<key>CODE_SIGN_IDENTITY[sdk=iphoneos*]</key>
				<string>iPhone Developer</string>
				<key>COPY_PHASE_STRIP</key>
				<string>YES</string>
				<key>ENABLE_NS_ASSERTIONS</key>
				<string>NO</string>
				<key>ENABLE_STRICT_OBJC_MSGSEND</key>
				<string>YES</string>
				<key>GCC_C_LANGUAGE_STANDARD</key>
				<string>gnu99</string>
				<key>GCC_WARN_64_TO_32_BIT_CONVERSION</key>
				<string>YES</string>
				<key>GCC_WARN_ABOUT_RETURN_TYPE</key>
				<string>YES_ERROR</string>
				<key>GCC_WARN_UNDECLARED_SELECTOR</key>
				<string>YES</string>
				<key>GCC_WARN_UNINITIALIZED_AUTOS</key>
				<string>YES_AGGRESSIVE</string>
				<key>GCC_WARN_UNUSED_FUNCTION</key>
				<string>YES</string>
				<key>GCC_WARN_UNUSED_VARIABLE</key>
				<string>YES</string>
				<key>IPHONEOS_DEPLOYMENT_TARGET</key>
				<string>8.1</string>
				<key>MTL_ENABLE_DEBUG_INFO</key>
				<string>NO</string>
				<key>SDKROOT</key>
				<string>iphoneos</string>
				<key>VALIDATE_PRODUCT</key>
				<string>YES</string>
			</dict>
			<key>isa</key>
			<string>XCBuildConfiguration</string>
			<key>name</key>
			<string>Release</string>
		</dict>
		<key>6FBDA7E01A24F911001B3230</key>
		<dict>
			<key>buildConfigurations</key>
			<array>
				<string>6FBDA7E11A24F911001B3230</string>
				<string>6FBDA7E21A24F911001B3230</string>
			</array>
			<key>defaultConfigurationIsVisible</key>
			<string>0</string>
			<key>defaultConfigurationName</key>
			<string>Release</string>
			<key>isa</key>
			<string>XCConfigurationList</string>
		</dict>
		<key>6FBDA7E11A24F911001B3230</key>
		<dict>
			<key>baseConfigurationReference</key>
			<string>451B30E5D570FA46A6B26D00</string>
			<key>buildSettings</key>
			<dict>
				<key>ASSETCATALOG_COMPILER_APPICON_NAME</key>
				<string>AppIcon</string>
				<key>INFOPLIST_FILE</key>
				<string>FISDoSomething/Info.plist</string>
				<key>LD_RUNPATH_SEARCH_PATHS</key>
				<string>$(inherited) @executable_path/Frameworks</string>
				<key>PRODUCT_NAME</key>
				<string>$(TARGET_NAME)</string>
			</dict>
			<key>isa</key>
			<string>XCBuildConfiguration</string>
			<key>name</key>
			<string>Debug</string>
		</dict>
		<key>6FBDA7E21A24F911001B3230</key>
		<dict>
			<key>baseConfigurationReference</key>
			<string>C25BEA244E532F642D470E11</string>
			<key>buildSettings</key>
			<dict>
				<key>ASSETCATALOG_COMPILER_APPICON_NAME</key>
				<string>AppIcon</string>
				<key>INFOPLIST_FILE</key>
				<string>FISDoSomething/Info.plist</string>
				<key>LD_RUNPATH_SEARCH_PATHS</key>
				<string>$(inherited) @executable_path/Frameworks</string>
				<key>PRODUCT_NAME</key>
				<string>$(TARGET_NAME)</string>
			</dict>
			<key>isa</key>
			<string>XCBuildConfiguration</string>
			<key>name</key>
			<string>Release</string>
		</dict>
		<key>6FBDA7E31A24F911001B3230</key>
		<dict>
			<key>buildConfigurations</key>
			<array>
				<string>6FBDA7E41A24F911001B3230</string>
				<string>6FBDA7E51A24F911001B3230</string>
			</array>
			<key>defaultConfigurationIsVisible</key>
			<string>0</string>
			<key>defaultConfigurationName</key>
			<string>Release</string>
			<key>isa</key>
			<string>XCConfigurationList</string>
		</dict>
		<key>6FBDA7E41A24F911001B3230</key>
		<dict>
			<key>buildSettings</key>
			<dict>
				<key>BUNDLE_LOADER</key>
				<string>$(TEST_HOST)</string>
				<key>FRAMEWORK_SEARCH_PATHS</key>
				<array>
					<string>$(SDKROOT)/Developer/Library/Frameworks</string>
					<string>$(inherited)</string>
				</array>
				<key>GCC_PREPROCESSOR_DEFINITIONS</key>
				<array>
					<string>DEBUG=1</string>
					<string>$(inherited)</string>
				</array>
				<key>INFOPLIST_FILE</key>
				<string>FISDoSomethingTests/Info.plist</string>
				<key>LD_RUNPATH_SEARCH_PATHS</key>
				<string>$(inherited) @executable_path/Frameworks @loader_path/Frameworks</string>
				<key>PRODUCT_NAME</key>
				<string>$(TARGET_NAME)</string>
				<key>TEST_HOST</key>
				<string>$(BUILT_PRODUCTS_DIR)/FISDoSomething.app/FISDoSomething</string>
			</dict>
			<key>isa</key>
			<string>XCBuildConfiguration</string>
			<key>name</key>
			<string>Debug</string>
		</dict>
		<key>6FBDA7E51A24F911001B3230</key>
		<dict>
			<key>buildSettings</key>
			<dict>
				<key>BUNDLE_LOADER</key>
				<string>$(TEST_HOST)</string>
				<key>FRAMEWORK_SEARCH_PATHS</key>
				<array>
					<string>$(SDKROOT)/Developer/Library/Frameworks</string>
					<string>$(inherited)</string>
				</array>
				<key>INFOPLIST_FILE</key>
				<string>FISDoSomethingTests/Info.plist</string>
				<key>LD_RUNPATH_SEARCH_PATHS</key>
				<string>$(inherited) @executable_path/Frameworks @loader_path/Frameworks</string>
				<key>PRODUCT_NAME</key>
				<string>$(TARGET_NAME)</string>
				<key>TEST_HOST</key>
				<string>$(BUILT_PRODUCTS_DIR)/FISDoSomething.app/FISDoSomething</string>
			</dict>
			<key>isa</key>
			<string>XCBuildConfiguration</string>
			<key>name</key>
			<string>Release</string>
		</dict>
		<key>92128AE00E898E4863D42EF4</key>
		<dict>
			<key>fileRef</key>
			<string>609E12A975D3232F909AAA95</string>
			<key>isa</key>
			<string>PBXBuildFile</string>
		</dict>
		<key>95B864F5E8A26AC934599A45</key>
		<dict>
			<key>buildActionMask</key>
			<string>2147483647</string>
			<key>files</key>
			<array/>
			<key>inputPaths</key>
			<array/>
			<key>isa</key>
			<string>PBXShellScriptBuildPhase</string>
			<key>name</key>
			<string>Copy Pods Resources</string>
			<key>outputPaths</key>
			<array/>
			<key>runOnlyForDeploymentPostprocessing</key>
			<string>0</string>
			<key>shellPath</key>
			<string>/bin/sh</string>
			<key>shellScript</key>
			<string>"${SRCROOT}/Pods/Target Support Files/Pods-FISDoSomething/Pods-FISDoSomething-resources.sh"
</string>
			<key>showEnvVarsInLog</key>
			<string>0</string>
		</dict>
		<key>9CE5815A74BFE08006F1B1B1</key>
		<dict>
			<key>buildActionMask</key>
			<string>2147483647</string>
			<key>files</key>
			<array/>
			<key>inputPaths</key>
			<array/>
			<key>isa</key>
			<string>PBXShellScriptBuildPhase</string>
			<key>name</key>
			<string>Check Pods Manifest.lock</string>
			<key>outputPaths</key>
			<array/>
			<key>runOnlyForDeploymentPostprocessing</key>
			<string>0</string>
			<key>shellPath</key>
			<string>/bin/sh</string>
			<key>shellScript</key>
			<string>diff "${PODS_ROOT}/../Podfile.lock" "${PODS_ROOT}/Manifest.lock" &gt; /dev/null
if [[ $? != 0 ]] ; then
    cat &lt;&lt; EOM
error: The sandbox is not in sync with the Podfile.lock. Run 'pod install' or update your CocoaPods installation.
EOM
    exit 1
fi
</string>
			<key>showEnvVarsInLog</key>
			<string>0</string>
		</dict>
		<key>9F22F3A0CBE492B5FE6DF466</key>
		<dict>
			<key>children</key>
			<array>
				<string>451B30E5D570FA46A6B26D00</string>
				<string>C25BEA244E532F642D470E11</string>
			</array>
			<key>isa</key>
			<string>PBXGroup</string>
			<key>name</key>
			<string>Pods</string>
			<key>sourceTree</key>
			<string>&lt;group&gt;</string>
		</dict>
		<key>C25BEA244E532F642D470E11</key>
		<dict>
			<key>includeInIndex</key>
			<string>1</string>
			<key>isa</key>
			<string>PBXFileReference</string>
			<key>lastKnownFileType</key>
			<string>text.xcconfig</string>
			<key>name</key>
			<string>Pods-FISDoSomething.release.xcconfig</string>
			<key>path</key>
			<string>Pods/Target Support Files/Pods-FISDoSomething/Pods-FISDoSomething.release.xcconfig</string>
			<key>sourceTree</key>
			<string>&lt;group&gt;</string>
		</dict>
		<key>D457A5051A24FE6E000BA89D</key>
		<dict>
			<key>children</key>
			<array>
				<string>D457A5061A24FE93000BA89D</string>
				<string>D457A5071A24FE93000BA89D</string>
			</array>
			<key>isa</key>
			<string>PBXGroup</string>
			<key>name</key>
			<string>FISDoSomethingAPI</string>
			<key>sourceTree</key>
			<string>&lt;group&gt;</string>
		</dict>
		<key>D457A5061A24FE93000BA89D</key>
		<dict>
			<key>fileEncoding</key>
			<string>4</string>
			<key>isa</key>
			<string>PBXFileReference</string>
			<key>lastKnownFileType</key>
			<string>sourcecode.c.h</string>
			<key>path</key>
			<string>FISDoSomethingAPI.h</string>
			<key>sourceTree</key>
			<string>&lt;group&gt;</string>
		</dict>
		<key>D457A5071A24FE93000BA89D</key>
		<dict>
			<key>fileEncoding</key>
			<string>4</string>
			<key>isa</key>
			<string>PBXFileReference</string>
			<key>lastKnownFileType</key>
			<string>sourcecode.c.objc</string>
			<key>path</key>
			<string>FISDoSomethingAPI.m</string>
			<key>sourceTree</key>
			<string>&lt;group&gt;</string>
		</dict>
		<key>D457A5081A24FE93000BA89D</key>
		<dict>
			<key>fileRef</key>
			<string>D457A5071A24FE93000BA89D</string>
			<key>isa</key>
			<string>PBXBuildFile</string>
		</dict>
		<key>D457A5091A24FE9F000BA89D</key>
		<dict>
			<key>children</key>
			<array>
				<string>D457A50D1A250478000BA89D</string>
				<string>D457A50E1A250478000BA89D</string>
			</array>
			<key>isa</key>
			<string>PBXGroup</string>
			<key>name</key>
			<string>FISModels</string>
			<key>sourceTree</key>
			<string>&lt;group&gt;</string>
		</dict>
		<key>D457A50D1A250478000BA89D</key>
		<dict>
			<key>fileEncoding</key>
			<string>4</string>
			<key>isa</key>
			<string>PBXFileReference</string>
			<key>lastKnownFileType</key>
			<string>sourcecode.c.h</string>
			<key>path</key>
			<string>FISCampaign.h</string>
			<key>sourceTree</key>
			<string>&lt;group&gt;</string>
		</dict>
		<key>D457A50E1A250478000BA89D</key>
		<dict>
			<key>fileEncoding</key>
			<string>4</string>
			<key>isa</key>
			<string>PBXFileReference</string>
			<key>lastKnownFileType</key>
			<string>sourcecode.c.objc</string>
			<key>path</key>
			<string>FISCampaign.m</string>
			<key>sourceTree</key>
			<string>&lt;group&gt;</string>
		</dict>
		<key>D457A50F1A250478000BA89D</key>
		<dict>
			<key>fileRef</key>
			<string>D457A50E1A250478000BA89D</string>
			<key>isa</key>
			<string>PBXBuildFile</string>
		</dict>
	</dict>
	<key>rootObject</key>
	<string>6FBDA7B51A24F911001B3230</string>
</dict>
</plist>
